
Microsoft Visual Studio Solution File, Format Version 12.00
# Visual Studio Version 16
VisualStudioVersion = 16.0.31205.134
MinimumVisualStudioVersion = 10.0.40219.1
Project("{FAE04EC0-301F-11D3-BF4B-00C04F79EFBC}") = "CS.Tasks.Demo", "CS.Tasks.Demo.csproj", "{4222626A-83C7-4D57-ACBF-77383C3B9B84}"
EndProject
Global
	GlobalSection(SolutionConfigurationPlatforms) = preSolution
		Debug|Any CPU = Debug|Any CPU
		Release|Any CPU = Release|Any CPU
	EndGlobalSection
	GlobalSection(ProjectConfigurationPlatforms) = postSolution
		{4222626A-83C7-4D57-ACBF-77383C3B9B84}.Debug|Any CPU.ActiveCfg = Debug|Any CPU
		{4222626A-83C7-4D57-ACBF-77383C3B9B84}.Debug|Any CPU.Build.0 = Debug|Any CPU
		{4222626A-83C7-4D57-ACBF-77383C3B9B84}.Release|Any CPU.ActiveCfg = Release|Any CPU
		{4222626A-83C7-4D57-ACBF-77383C3B9B84}.Release|Any CPU.Build.0 = Release|Any CPU
	EndGlobalSection
	GlobalSection(SolutionProperties) = preSolution
		HideSolutionNode = FALSE
	EndGlobalSection
	GlobalSection(ExtensibilityGlobals) = postSolution
		SolutionGuid = {C23275FE-375E-4E6C-BC47-01030D8C4565}
	EndGlobalSection
EndGlobal
